// !$*UTF8*$!
{
	archiveVersion = 1;
	classes = {
	};
	objectVersion = 50;
	objects = {

/* Begin PBXBuildFile section */
		682F652C2610F86400BDC794 /* ApodDetailView.swift in Sources */ = {isa = PBXBuildFile; fileRef = 682F652B2610F86400BDC794 /* ApodDetailView.swift */; };
		685AB7C9260BFF9D002DF5BC /* ApodModel.swift in Sources */ = {isa = PBXBuildFile; fileRef = 685AB7C8260BFF9D002DF5BC /* ApodModel.swift */; };
		685AB7CA260BFF9D002DF5BC /* ApodModel.swift in Sources */ = {isa = PBXBuildFile; fileRef = 685AB7C8260BFF9D002DF5BC /* ApodModel.swift */; };
		6862873F261377AF00A1990A /* DataButtonView.swift in Sources */ = {isa = PBXBuildFile; fileRef = 6862873E261377AF00A1990A /* DataButtonView.swift */; };
		686287462613792900A1990A /* ImageCountSliderView.swift in Sources */ = {isa = PBXBuildFile; fileRef = 686287452613792900A1990A /* ImageCountSliderView.swift */; };
		6862874D26137A9000A1990A /* TodayButtonView.swift in Sources */ = {isa = PBXBuildFile; fileRef = 6862874C26137A9000A1990A /* TodayButtonView.swift */; };
		688EB1BA260BB5EF003BDBAF /* SwiftUIAPODApp.swift in Sources */ = {isa = PBXBuildFile; fileRef = 688EB1A7260BB5EE003BDBAF /* SwiftUIAPODApp.swift */; };
		688EB1BB260BB5EF003BDBAF /* SwiftUIAPODApp.swift in Sources */ = {isa = PBXBuildFile; fileRef = 688EB1A7260BB5EE003BDBAF /* SwiftUIAPODApp.swift */; };
		688EB1BE260BB5EF003BDBAF /* Assets.xcassets in Resources */ = {isa = PBXBuildFile; fileRef = 688EB1A9260BB5EF003BDBAF /* Assets.xcassets */; };
		688EB1BF260BB5EF003BDBAF /* Assets.xcassets in Resources */ = {isa = PBXBuildFile; fileRef = 688EB1A9260BB5EF003BDBAF /* Assets.xcassets */; };
		688ED5822610024800E8FDCD /* DatePickerView.swift in Sources */ = {isa = PBXBuildFile; fileRef = 688ED5812610024800E8FDCD /* DatePickerView.swift */; };
		68998E5726133A6F00FD43BF /* ApodListView.swift in Sources */ = {isa = PBXBuildFile; fileRef = 68998E5626133A6F00FD43BF /* ApodListView.swift */; };
		68B5CEE9260CF207004818B5 /* NetworkHelper.swift in Sources */ = {isa = PBXBuildFile; fileRef = 68B5CEE8260CF207004818B5 /* NetworkHelper.swift */; };
		68B5CEEA260CF207004818B5 /* NetworkHelper.swift in Sources */ = {isa = PBXBuildFile; fileRef = 68B5CEE8260CF207004818B5 /* NetworkHelper.swift */; };
		68DFCE0E260FAA7800B2E6B4 /* ApodMainView.swift in Sources */ = {isa = PBXBuildFile; fileRef = 68DFCE0D260FAA7800B2E6B4 /* ApodMainView.swift */; };
/* End PBXBuildFile section */

/* Begin PBXFileReference section */
		682F652B2610F86400BDC794 /* ApodDetailView.swift */ = {isa = PBXFileReference; lastKnownFileType = sourcecode.swift; path = ApodDetailView.swift; sourceTree = "<group>"; };
		685AB7C8260BFF9D002DF5BC /* ApodModel.swift */ = {isa = PBXFileReference; lastKnownFileType = sourcecode.swift; path = ApodModel.swift; sourceTree = "<group>"; };
		6862873E261377AF00A1990A /* DataButtonView.swift */ = {isa = PBXFileReference; lastKnownFileType = sourcecode.swift; path = DataButtonView.swift; sourceTree = "<group>"; };
		686287452613792900A1990A /* ImageCountSliderView.swift */ = {isa = PBXFileReference; lastKnownFileType = sourcecode.swift; path = ImageCountSliderView.swift; sourceTree = "<group>"; };
		6862874C26137A9000A1990A /* TodayButtonView.swift */ = {isa = PBXFileReference; lastKnownFileType = sourcecode.swift; path = TodayButtonView.swift; sourceTree = "<group>"; };
		688EB1A7260BB5EE003BDBAF /* SwiftUIAPODApp.swift */ = {isa = PBXFileReference; lastKnownFileType = sourcecode.swift; path = SwiftUIAPODApp.swift; sourceTree = "<group>"; };
		688EB1A9260BB5EF003BDBAF /* Assets.xcassets */ = {isa = PBXFileReference; lastKnownFileType = folder.assetcatalog; path = Assets.xcassets; sourceTree = "<group>"; };
		688EB1AE260BB5EF003BDBAF /* SwiftUIAPOD.app */ = {isa = PBXFileReference; explicitFileType = wrapper.application; includeInIndex = 0; path = SwiftUIAPOD.app; sourceTree = BUILT_PRODUCTS_DIR; };
		688EB1B1260BB5EF003BDBAF /* Info.plist */ = {isa = PBXFileReference; lastKnownFileType = text.plist.xml; path = Info.plist; sourceTree = "<group>"; };
		688EB1B6260BB5EF003BDBAF /* SwiftUIAPOD.app */ = {isa = PBXFileReference; explicitFileType = wrapper.application; includeInIndex = 0; path = SwiftUIAPOD.app; sourceTree = BUILT_PRODUCTS_DIR; };
		688EB1B8260BB5EF003BDBAF /* Info.plist */ = {isa = PBXFileReference; lastKnownFileType = text.plist.xml; path = Info.plist; sourceTree = "<group>"; };
		688EB1B9260BB5EF003BDBAF /* macOS.entitlements */ = {isa = PBXFileReference; lastKnownFileType = text.plist.entitlements; path = macOS.entitlements; sourceTree = "<group>"; };
		688ED5812610024800E8FDCD /* DatePickerView.swift */ = {isa = PBXFileReference; lastKnownFileType = sourcecode.swift; path = DatePickerView.swift; sourceTree = "<group>"; };
		68998E5626133A6F00FD43BF /* ApodListView.swift */ = {isa = PBXFileReference; fileEncoding = 4; lastKnownFileType = sourcecode.swift; path = ApodListView.swift; sourceTree = "<group>"; };
		68B5CEE8260CF207004818B5 /* NetworkHelper.swift */ = {isa = PBXFileReference; lastKnownFileType = sourcecode.swift; path = NetworkHelper.swift; sourceTree = "<group>"; };
		68DFCE0D260FAA7800B2E6B4 /* ApodMainView.swift */ = {isa = PBXFileReference; lastKnownFileType = sourcecode.swift; path = ApodMainView.swift; sourceTree = "<group>"; };
/* End PBXFileReference section */

/* Begin PBXFrameworksBuildPhase section */
		688EB1AB260BB5EF003BDBAF /* Frameworks */ = {
			isa = PBXFrameworksBuildPhase;
			buildActionMask = 2147483647;
			files = (
			);
			runOnlyForDeploymentPostprocessing = 0;
		};
		688EB1B3260BB5EF003BDBAF /* Frameworks */ = {
			isa = PBXFrameworksBuildPhase;
			buildActionMask = 2147483647;
			files = (
			);
			runOnlyForDeploymentPostprocessing = 0;
		};
/* End PBXFrameworksBuildPhase section */

/* Begin PBXGroup section */
		688EB1A1260BB5EE003BDBAF = {
			isa = PBXGroup;
			children = (
				688EB1A6260BB5EE003BDBAF /* Shared */,
				688EB1B0260BB5EF003BDBAF /* iOS */,
				688EB1B7260BB5EF003BDBAF /* macOS */,
				688EB1AF260BB5EF003BDBAF /* Products */,
			);
			sourceTree = "<group>";
		};
		688EB1A6260BB5EE003BDBAF /* Shared */ = {
			isa = PBXGroup;
			children = (
				685AB7C8260BFF9D002DF5BC /* ApodModel.swift */,
				68B5CEE8260CF207004818B5 /* NetworkHelper.swift */,
				688EB1A7260BB5EE003BDBAF /* SwiftUIAPODApp.swift */,
				688EB1A9260BB5EF003BDBAF /* Assets.xcassets */,
			);
			path = Shared;
			sourceTree = "<group>";
		};
		688EB1AF260BB5EF003BDBAF /* Products */ = {
			isa = PBXGroup;
			children = (
				688EB1AE260BB5EF003BDBAF /* SwiftUIAPOD.app */,
				688EB1B6260BB5EF003BDBAF /* SwiftUIAPOD.app */,
			);
			name = Products;
			sourceTree = "<group>";
		};
		688EB1B0260BB5EF003BDBAF /* iOS */ = {
			isa = PBXGroup;
			children = (
				688EB1B1260BB5EF003BDBAF /* Info.plist */,
				682F652B2610F86400BDC794 /* ApodDetailView.swift */,
				68998E5626133A6F00FD43BF /* ApodListView.swift */,
				68DFCE0D260FAA7800B2E6B4 /* ApodMainView.swift */,
				6862873E261377AF00A1990A /* DataButtonView.swift */,
				688ED5812610024800E8FDCD /* DatePickerView.swift */,
				686287452613792900A1990A /* ImageCountSliderView.swift */,
				6862874C26137A9000A1990A /* TodayButtonView.swift */,
			);
			path = iOS;
			sourceTree = "<group>";
		};
		688EB1B7260BB5EF003BDBAF /* macOS */ = {
			isa = PBXGroup;
			children = (
				688EB1B8260BB5EF003BDBAF /* Info.plist */,
				688EB1B9260BB5EF003BDBAF /* macOS.entitlements */,
			);
			path = macOS;
			sourceTree = "<group>";
		};
/* End PBXGroup section */

/* Begin PBXNativeTarget section */
		688EB1AD260BB5EF003BDBAF /* SwiftUIAPOD (iOS) */ = {
			isa = PBXNativeTarget;
			buildConfigurationList = 688EB1C2260BB5EF003BDBAF /* Build configuration list for PBXNativeTarget "SwiftUIAPOD (iOS)" */;
			buildPhases = (
				688EB1AA260BB5EF003BDBAF /* Sources */,
				688EB1AB260BB5EF003BDBAF /* Frameworks */,
				688EB1AC260BB5EF003BDBAF /* Resources */,
			);
			buildRules = (
			);
			dependencies = (
			);
			name = "SwiftUIAPOD (iOS)";
			productName = "SwiftUIAPOD (iOS)";
			productReference = 688EB1AE260BB5EF003BDBAF /* SwiftUIAPOD.app */;
			productType = "com.apple.product-type.application";
		};
		688EB1B5260BB5EF003BDBAF /* SwiftUIAPOD (macOS) */ = {
			isa = PBXNativeTarget;
			buildConfigurationList = 688EB1C5260BB5EF003BDBAF /* Build configuration list for PBXNativeTarget "SwiftUIAPOD (macOS)" */;
			buildPhases = (
				688EB1B2260BB5EF003BDBAF /* Sources */,
				688EB1B3260BB5EF003BDBAF /* Frameworks */,
				688EB1B4260BB5EF003BDBAF /* Resources */,
			);
			buildRules = (
			);
			dependencies = (
			);
			name = "SwiftUIAPOD (macOS)";
			productName = "SwiftUIAPOD (macOS)";
			productReference = 688EB1B6260BB5EF003BDBAF /* SwiftUIAPOD.app */;
			productType = "com.apple.product-type.application";
		};
/* End PBXNativeTarget section */

/* Begin PBXProject section */
		688EB1A2260BB5EE003BDBAF /* Project object */ = {
			isa = PBXProject;
			attributes = {
				LastSwiftUpdateCheck = 1240;
				LastUpgradeCheck = 1240;
				TargetAttributes = {
					688EB1AD260BB5EF003BDBAF = {
						CreatedOnToolsVersion = 12.4;
					};
					688EB1B5260BB5EF003BDBAF = {
						CreatedOnToolsVersion = 12.4;
					};
				};
			};
			buildConfigurationList = 688EB1A5260BB5EE003BDBAF /* Build configuration list for PBXProject "SwiftUIAPOD" */;
			compatibilityVersion = "Xcode 9.3";
			developmentRegion = en;
			hasScannedForEncodings = 0;
			knownRegions = (
				en,
				Base,
			);
			mainGroup = 688EB1A1260BB5EE003BDBAF;
			productRefGroup = 688EB1AF260BB5EF003BDBAF /* Products */;
			projectDirPath = "";
			projectRoot = "";
			targets = (
				688EB1AD260BB5EF003BDBAF /* SwiftUIAPOD (iOS) */,
				688EB1B5260BB5EF003BDBAF /* SwiftUIAPOD (macOS) */,
			);
		};
/* End PBXProject section */

/* Begin PBXResourcesBuildPhase section */
		688EB1AC260BB5EF003BDBAF /* Resources */ = {
			isa = PBXResourcesBuildPhase;
			buildActionMask = 2147483647;
			files = (
				688EB1BE260BB5EF003BDBAF /* Assets.xcassets in Resources */,
			);
			runOnlyForDeploymentPostprocessing = 0;
		};
		688EB1B4260BB5EF003BDBAF /* Resources */ = {
			isa = PBXResourcesBuildPhase;
			buildActionMask = 2147483647;
			files = (
				688EB1BF260BB5EF003BDBAF /* Assets.xcassets in Resources */,
			);
			runOnlyForDeploymentPostprocessing = 0;
		};
/* End PBXResourcesBuildPhase section */

/* Begin PBXSourcesBuildPhase section */
		688EB1AA260BB5EF003BDBAF /* Sources */ = {
			isa = PBXSourcesBuildPhase;
			buildActionMask = 2147483647;
			files = (
				6862873F261377AF00A1990A /* DataButtonView.swift in Sources */,
				68998E5726133A6F00FD43BF /* ApodListView.swift in Sources */,
				688ED5822610024800E8FDCD /* DatePickerView.swift in Sources */,
				68DFCE0E260FAA7800B2E6B4 /* ApodMainView.swift in Sources */,
				6862874D26137A9000A1990A /* TodayButtonView.swift in Sources */,
				685AB7C9260BFF9D002DF5BC /* ApodModel.swift in Sources */,
				68B5CEE9260CF207004818B5 /* NetworkHelper.swift in Sources */,
				682F652C2610F86400BDC794 /* ApodDetailView.swift in Sources */,
				688EB1BA260BB5EF003BDBAF /* SwiftUIAPODApp.swift in Sources */,
				686287462613792900A1990A /* ImageCountSliderView.swift in Sources */,
			);
			runOnlyForDeploymentPostprocessing = 0;
		};
		688EB1B2260BB5EF003BDBAF /* Sources */ = {
			isa = PBXSourcesBuildPhase;
			buildActionMask = 2147483647;
			files = (
				685AB7CA260BFF9D002DF5BC /* ApodModel.swift in Sources */,
				68B5CEEA260CF207004818B5 /* NetworkHelper.swift in Sources */,
				688EB1BB260BB5EF003BDBAF /* SwiftUIAPODApp.swift in Sources */,
			);
			runOnlyForDeploymentPostprocessing = 0;
		};
/* End PBXSourcesBuildPhase section */

/* Begin XCBuildConfiguration section */
		688EB1C0260BB5EF003BDBAF /* Debug */ = {
			isa = XCBuildConfiguration;
			buildSettings = {
				ALWAYS_SEARCH_USER_PATHS = NO;
				CLANG_ANALYZER_NONNULL = YES;
				CLANG_ANALYZER_NUMBER_OBJECT_CONVERSION = YES_AGGRESSIVE;
				CLANG_CXX_LANGUAGE_STANDARD = "gnu++14";
				CLANG_CXX_LIBRARY = "libc++";
				CLANG_ENABLE_MODULES = YES;
				CLANG_ENABLE_OBJC_ARC = YES;
				CLANG_ENABLE_OBJC_WEAK = YES;
				CLANG_WARN_BLOCK_CAPTURE_AUTORELEASING = YES;
				CLANG_WARN_BOOL_CONVERSION = YES;
				CLANG_WARN_COMMA = YES;
				CLANG_WARN_CONSTANT_CONVERSION = YES;
				CLANG_WARN_DEPRECATED_OBJC_IMPLEMENTATIONS = YES;
				CLANG_WARN_DIRECT_OBJC_ISA_USAGE = YES_ERROR;
				CLANG_WARN_DOCUMENTATION_COMMENTS = YES;
				CLANG_WARN_EMPTY_BODY = YES;
				CLANG_WARN_ENUM_CONVERSION = YES;
				CLANG_WARN_INFINITE_RECURSION = YES;
				CLANG_WARN_INT_CONVERSION = YES;
				CLANG_WARN_NON_LITERAL_NULL_CONVERSION = YES;
				CLANG_WARN_OBJC_IMPLICIT_RETAIN_SELF = YES;
				CLANG_WARN_OBJC_LITERAL_CONVERSION = YES;
				CLANG_WARN_OBJC_ROOT_CLASS = YES_ERROR;
				CLANG_WARN_QUOTED_INCLUDE_IN_FRAMEWORK_HEADER = YES;
				CLANG_WARN_RANGE_LOOP_ANALYSIS = YES;
				CLANG_WARN_STRICT_PROTOTYPES = YES;
				CLANG_WARN_SUSPICIOUS_MOVE = YES;
				CLANG_WARN_UNGUARDED_AVAILABILITY = YES_AGGRESSIVE;
				CLANG_WARN_UNREACHABLE_CODE = YES;
				CLANG_WARN__DUPLICATE_METHOD_MATCH = YES;
				COPY_PHASE_STRIP = NO;
				DEBUG_INFORMATION_FORMAT = dwarf;
				ENABLE_STRICT_OBJC_MSGSEND = YES;
				ENABLE_TESTABILITY = YES;
				GCC_C_LANGUAGE_STANDARD = gnu11;
				GCC_DYNAMIC_NO_PIC = NO;
				GCC_NO_COMMON_BLOCKS = YES;
				GCC_OPTIMIZATION_LEVEL = 0;
				GCC_PREPROCESSOR_DEFINITIONS = (
					"DEBUG=1",
					"$(inherited)",
				);
				GCC_WARN_64_TO_32_BIT_CONVERSION = YES;
				GCC_WARN_ABOUT_RETURN_TYPE = YES_ERROR;
				GCC_WARN_UNDECLARED_SELECTOR = YES;
				GCC_WARN_UNINITIALIZED_AUTOS = YES_AGGRESSIVE;
				GCC_WARN_UNUSED_FUNCTION = YES;
				GCC_WARN_UNUSED_VARIABLE = YES;
				MTL_ENABLE_DEBUG_INFO = INCLUDE_SOURCE;
				MTL_FAST_MATH = YES;
				ONLY_ACTIVE_ARCH = YES;
				SWIFT_ACTIVE_COMPILATION_CONDITIONS = DEBUG;
				SWIFT_OPTIMIZATION_LEVEL = "-Onone";
			};
			name = Debug;
		};
		688EB1C1260BB5EF003BDBAF /* Release */ = {
			isa = XCBuildConfiguration;
			buildSettings = {
				ALWAYS_SEARCH_USER_PATHS = NO;
				CLANG_ANALYZER_NONNULL = YES;
				CLANG_ANALYZER_NUMBER_OBJECT_CONVERSION = YES_AGGRESSIVE;
				CLANG_CXX_LANGUAGE_STANDARD = "gnu++14";
				CLANG_CXX_LIBRARY = "libc++";
				CLANG_ENABLE_MODULES = YES;
				CLANG_ENABLE_OBJC_ARC = YES;
				CLANG_ENABLE_OBJC_WEAK = YES;
				CLANG_WARN_BLOCK_CAPTURE_AUTORELEASING = YES;
				CLANG_WARN_BOOL_CONVERSION = YES;
				CLANG_WARN_COMMA = YES;
				CLANG_WARN_CONSTANT_CONVERSION = YES;
				CLANG_WARN_DEPRECATED_OBJC_IMPLEMENTATIONS = YES;
				CLANG_WARN_DIRECT_OBJC_ISA_USAGE = YES_ERROR;
				CLANG_WARN_DOCUMENTATION_COMMENTS = YES;
				CLANG_WARN_EMPTY_BODY = YES;
				CLANG_WARN_ENUM_CONVERSION = YES;
				CLANG_WARN_INFINITE_RECURSION = YES;
				CLANG_WARN_INT_CONVERSION = YES;
				CLANG_WARN_NON_LITERAL_NULL_CONVERSION = YES;
				CLANG_WARN_OBJC_IMPLICIT_RETAIN_SELF = YES;
				CLANG_WARN_OBJC_LITERAL_CONVERSION = YES;
				CLANG_WARN_OBJC_ROOT_CLASS = YES_ERROR;
				CLANG_WARN_QUOTED_INCLUDE_IN_FRAMEWORK_HEADER = YES;
				CLANG_WARN_RANGE_LOOP_ANALYSIS = YES;
				CLANG_WARN_STRICT_PROTOTYPES = YES;
				CLANG_WARN_SUSPICIOUS_MOVE = YES;
				CLANG_WARN_UNGUARDED_AVAILABILITY = YES_AGGRESSIVE;
				CLANG_WARN_UNREACHABLE_CODE = YES;
				CLANG_WARN__DUPLICATE_METHOD_MATCH = YES;
				COPY_PHASE_STRIP = NO;
				DEBUG_INFORMATION_FORMAT = "dwarf-with-dsym";
				ENABLE_NS_ASSERTIONS = NO;
				ENABLE_STRICT_OBJC_MSGSEND = YES;
				GCC_C_LANGUAGE_STANDARD = gnu11;
				GCC_NO_COMMON_BLOCKS = YES;
				GCC_WARN_64_TO_32_BIT_CONVERSION = YES;
				GCC_WARN_ABOUT_RETURN_TYPE = YES_ERROR;
				GCC_WARN_UNDECLARED_SELECTOR = YES;
				GCC_WARN_UNINITIALIZED_AUTOS = YES_AGGRESSIVE;
				GCC_WARN_UNUSED_FUNCTION = YES;
				GCC_WARN_UNUSED_VARIABLE = YES;
				MTL_ENABLE_DEBUG_INFO = NO;
				MTL_FAST_MATH = YES;
				SWIFT_COMPILATION_MODE = wholemodule;
				SWIFT_OPTIMIZATION_LEVEL = "-O";
			};
			name = Release;
		};
		688EB1C3260BB5EF003BDBAF /* Debug */ = {
			isa = XCBuildConfiguration;
			buildSettings = {
				ASSETCATALOG_COMPILER_APPICON_NAME = AppIcon;
				ASSETCATALOG_COMPILER_GLOBAL_ACCENT_COLOR_NAME = AccentColor;
				CODE_SIGN_STYLE = Automatic;
				DEVELOPMENT_TEAM = R6BE99W3FU;
				ENABLE_PREVIEWS = YES;
				INFOPLIST_FILE = iOS/Info.plist;
				IPHONEOS_DEPLOYMENT_TARGET = 14.0;
				LD_RUNPATH_SEARCH_PATHS = (
					"$(inherited)",
					"@executable_path/Frameworks",
				);
				PRODUCT_BUNDLE_IDENTIFIER = com.rarcher.SwiftUIAPOD;
				PRODUCT_NAME = SwiftUIAPOD;
				SDKROOT = iphoneos;
				SWIFT_VERSION = 5.0;
				TARGETED_DEVICE_FAMILY = "1,2";
			};
			name = Debug;
		};
		688EB1C4260BB5EF003BDBAF /* Release */ = {
			isa = XCBuildConfiguration;
			buildSettings = {
				ASSETCATALOG_COMPILER_APPICON_NAME = AppIcon;
				ASSETCATALOG_COMPILER_GLOBAL_ACCENT_COLOR_NAME = AccentColor;
				CODE_SIGN_STYLE = Automatic;
				DEVELOPMENT_TEAM = R6BE99W3FU;
				ENABLE_PREVIEWS = YES;
				INFOPLIST_FILE = iOS/Info.plist;
				IPHONEOS_DEPLOYMENT_TARGET = 14.0;
				LD_RUNPATH_SEARCH_PATHS = (
					"$(inherited)",
					"@executable_path/Frameworks",
				);
				PRODUCT_BUNDLE_IDENTIFIER = com.rarcher.SwiftUIAPOD;
				PRODUCT_NAME = SwiftUIAPOD;
				SDKROOT = iphoneos;
				SWIFT_VERSION = 5.0;
				TARGETED_DEVICE_FAMILY = "1,2";
				VALIDATE_PRODUCT = YES;
			};
			name = Release;
		};
		688EB1C6260BB5EF003BDBAF /* Debug */ = {
			isa = XCBuildConfiguration;
			buildSettings = {
				ASSETCATALOG_COMPILER_APPICON_NAME = AppIcon;
				ASSETCATALOG_COMPILER_GLOBAL_ACCENT_COLOR_NAME = AccentColor;
				CODE_SIGN_ENTITLEMENTS = macOS/macOS.entitlements;
				CODE_SIGN_STYLE = Automatic;
				COMBINE_HIDPI_IMAGES = YES;
				DEVELOPMENT_TEAM = R6BE99W3FU;
				ENABLE_HARDENED_RUNTIME = YES;
				ENABLE_PREVIEWS = YES;
				INFOPLIST_FILE = macOS/Info.plist;
				LD_RUNPATH_SEARCH_PATHS = (
					"$(inherited)",
					"@executable_path/../Frameworks",
				);
				MACOSX_DEPLOYMENT_TARGET = 11.0;
				PRODUCT_BUNDLE_IDENTIFIER = com.rarcher.SwiftUIAPOD;
				PRODUCT_NAME = SwiftUIAPOD;
				SDKROOT = macosx;
				SWIFT_VERSION = 5.0;
			};
			name = Debug;
		};
		688EB1C7260BB5EF003BDBAF /* Release */ = {
			isa = XCBuildConfiguration;
			buildSettings = {
				ASSETCATALOG_COMPILER_APPICON_NAME = AppIcon;
				ASSETCATALOG_COMPILER_GLOBAL_ACCENT_COLOR_NAME = AccentColor;
				CODE_SIGN_ENTITLEMENTS = macOS/macOS.entitlements;
				CODE_SIGN_STYLE = Automatic;
				COMBINE_HIDPI_IMAGES = YES;
				DEVELOPMENT_TEAM = R6BE99W3FU;
				ENABLE_HARDENED_RUNTIME = YES;
				ENABLE_PREVIEWS = YES;
				INFOPLIST_FILE = macOS/Info.plist;
				LD_RUNPATH_SEARCH_PATHS = (
					"$(inherited)",
					"@executable_path/../Frameworks",
				);
				MACOSX_DEPLOYMENT_TARGET = 11.0;
				PRODUCT_BUNDLE_IDENTIFIER = com.rarcher.SwiftUIAPOD;
				PRODUCT_NAME = SwiftUIAPOD;
				SDKROOT = macosx;
				SWIFT_VERSION = 5.0;
			};
			name = Release;
		};
/* End XCBuildConfiguration section */

/* Begin XCConfigurationList section */
		688EB1A5260BB5EE003BDBAF /* Build configuration list for PBXProject "SwiftUIAPOD" */ = {
			isa = XCConfigurationList;
			buildConfigurations = (
				688EB1C0260BB5EF003BDBAF /* Debug */,
				688EB1C1260BB5EF003BDBAF /* Release */,
			);
			defaultConfigurationIsVisible = 0;
			defaultConfigurationName = Release;
		};
		688EB1C2260BB5EF003BDBAF /* Build configuration list for PBXNativeTarget "SwiftUIAPOD (iOS)" */ = {
			isa = XCConfigurationList;
			buildConfigurations = (
				688EB1C3260BB5EF003BDBAF /* Debug */,
				688EB1C4260BB5EF003BDBAF /* Release */,
			);
			defaultConfigurationIsVisible = 0;
			defaultConfigurationName = Release;
		};
		688EB1C5260BB5EF003BDBAF /* Build configuration list for PBXNativeTarget "SwiftUIAPOD (macOS)" */ = {
			isa = XCConfigurationList;
			buildConfigurations = (
				688EB1C6260BB5EF003BDBAF /* Debug */,
				688EB1C7260BB5EF003BDBAF /* Release */,
			);
			defaultConfigurationIsVisible = 0;
			defaultConfigurationName = Release;
		};
/* End XCConfigurationList section */
	};
	rootObject = 688EB1A2260BB5EE003BDBAF /* Project object */;
}
